// !$*UTF8*$!
{
	archiveVersion = 1;
	classes = {
	};
	objectVersion = 55;
	objects = {

/* Begin PBXBuildFile section */
		CC3DF15028C0FD6C005FEAB6 /* AppDelegate.swift in Sources */ = {isa = PBXBuildFile; fileRef = CC3DF14F28C0FD6C005FEAB6 /* AppDelegate.swift */; };
		CC3DF15228C0FD6C005FEAB6 /* SceneDelegate.swift in Sources */ = {isa = PBXBuildFile; fileRef = CC3DF15128C0FD6C005FEAB6 /* SceneDelegate.swift */; };
		CC3DF15728C0FD6C005FEAB6 /* Main.storyboard in Resources */ = {isa = PBXBuildFile; fileRef = CC3DF15528C0FD6C005FEAB6 /* Main.storyboard */; };
		CC3DF15C28C0FD71005FEAB6 /* LaunchScreen.storyboard in Resources */ = {isa = PBXBuildFile; fileRef = CC3DF15A28C0FD71005FEAB6 /* LaunchScreen.storyboard */; };
		CC3DF17928C103A4005FEAB6 /* burnley.mp3 in Resources */ = {isa = PBXBuildFile; fileRef = CC3DF16528C103A4005FEAB6 /* burnley.mp3 */; };
		CC3DF17A28C103A4005FEAB6 /* newcastle.mp3 in Resources */ = {isa = PBXBuildFile; fileRef = CC3DF16628C103A4005FEAB6 /* newcastle.mp3 */; };
		CC3DF17B28C103A4005FEAB6 /* sheffield.mp3 in Resources */ = {isa = PBXBuildFile; fileRef = CC3DF16728C103A4005FEAB6 /* sheffield.mp3 */; };
		CC3DF17C28C103A4005FEAB6 /* west_brom.mp3 in Resources */ = {isa = PBXBuildFile; fileRef = CC3DF16828C103A4005FEAB6 /* west_brom.mp3 */; };
		CC3DF17D28C103A4005FEAB6 /* wolves.mp3 in Resources */ = {isa = PBXBuildFile; fileRef = CC3DF16928C103A4005FEAB6 /* wolves.mp3 */; };
		CC3DF17E28C103A4005FEAB6 /* aston_villa.mp3 in Resources */ = {isa = PBXBuildFile; fileRef = CC3DF16A28C103A4005FEAB6 /* aston_villa.mp3 */; };
		CC3DF17F28C103A4005FEAB6 /* liverpool.mp3 in Resources */ = {isa = PBXBuildFile; fileRef = CC3DF16B28C103A4005FEAB6 /* liverpool.mp3 */; };
		CC3DF18028C103A4005FEAB6 /* fulham.mp3 in Resources */ = {isa = PBXBuildFile; fileRef = CC3DF16C28C103A4005FEAB6 /* fulham.mp3 */; };
		CC3DF18128C103A4005FEAB6 /* southampton.mp3 in Resources */ = {isa = PBXBuildFile; fileRef = CC3DF16D28C103A4005FEAB6 /* southampton.mp3 */; };
		CC3DF18228C103A4005FEAB6 /* chelsea.mp3 in Resources */ = {isa = PBXBuildFile; fileRef = CC3DF16E28C103A4005FEAB6 /* chelsea.mp3 */; };
		CC3DF18328C103A4005FEAB6 /* leeds.mp3 in Resources */ = {isa = PBXBuildFile; fileRef = CC3DF16F28C103A4005FEAB6 /* leeds.mp3 */; };
		CC3DF18428C103A4005FEAB6 /* palace.mp3 in Resources */ = {isa = PBXBuildFile; fileRef = CC3DF17028C103A4005FEAB6 /* palace.mp3 */; };
		CC3DF18528C103A4005FEAB6 /* tottenham.mp3 in Resources */ = {isa = PBXBuildFile; fileRef = CC3DF17128C103A4005FEAB6 /* tottenham.mp3 */; };
		CC3DF18628C103A4005FEAB6 /* brighton.mp3 in Resources */ = {isa = PBXBuildFile; fileRef = CC3DF17228C103A4005FEAB6 /* brighton.mp3 */; };
		CC3DF18728C103A4005FEAB6 /* leicester.mp3 in Resources */ = {isa = PBXBuildFile; fileRef = CC3DF17328C103A4005FEAB6 /* leicester.mp3 */; };
		CC3DF18828C103A4005FEAB6 /* manchester_city.mp3 in Resources */ = {isa = PBXBuildFile; fileRef = CC3DF17428C103A4005FEAB6 /* manchester_city.mp3 */; };
		CC3DF18928C103A4005FEAB6 /* manchester_united.mp3 in Resources */ = {isa = PBXBuildFile; fileRef = CC3DF17528C103A4005FEAB6 /* manchester_united.mp3 */; };
		CC3DF18A28C103A4005FEAB6 /* arsenal.mp3 in Resources */ = {isa = PBXBuildFile; fileRef = CC3DF17628C103A4005FEAB6 /* arsenal.mp3 */; };
		CC3DF18B28C103A4005FEAB6 /* everton.mp3 in Resources */ = {isa = PBXBuildFile; fileRef = CC3DF17728C103A4005FEAB6 /* everton.mp3 */; };
		CC3DF18C28C103A4005FEAB6 /* Teams.swift in Sources */ = {isa = PBXBuildFile; fileRef = CC3DF17828C103A4005FEAB6 /* Teams.swift */; };
		CC3DF18E28C10435005FEAB6 /* Assets.xcassets in Resources */ = {isa = PBXBuildFile; fileRef = CC3DF18D28C10435005FEAB6 /* Assets.xcassets */; };
		CC3DF19128C1069A005FEAB6 /* ChantsViewController.swift in Sources */ = {isa = PBXBuildFile; fileRef = CC3DF19028C1069A005FEAB6 /* ChantsViewController.swift */; };
		CC3DF19428C1111E005FEAB6 /* Team.swift in Sources */ = {isa = PBXBuildFile; fileRef = CC3DF19328C1111E005FEAB6 /* Team.swift */; };
		CC3DF19628C111D2005FEAB6 /* Manager.swift in Sources */ = {isa = PBXBuildFile; fileRef = CC3DF19528C111D2005FEAB6 /* Manager.swift */; };
		CC3DF19928C113A3005FEAB6 /* TeamsViewModel.swift in Sources */ = {isa = PBXBuildFile; fileRef = CC3DF19828C113A3005FEAB6 /* TeamsViewModel.swift */; };
/* End PBXBuildFile section */

/* Begin PBXFileReference section */
		CC3DF14C28C0FD6C005FEAB6 /* SoccerShout-outs.app */ = {isa = PBXFileReference; explicitFileType = wrapper.application; includeInIndex = 0; path = "SoccerShout-outs.app"; sourceTree = BUILT_PRODUCTS_DIR; };
		CC3DF14F28C0FD6C005FEAB6 /* AppDelegate.swift */ = {isa = PBXFileReference; lastKnownFileType = sourcecode.swift; path = AppDelegate.swift; sourceTree = "<group>"; };
		CC3DF15128C0FD6C005FEAB6 /* SceneDelegate.swift */ = {isa = PBXFileReference; lastKnownFileType = sourcecode.swift; path = SceneDelegate.swift; sourceTree = "<group>"; };
		CC3DF15628C0FD6C005FEAB6 /* Base */ = {isa = PBXFileReference; lastKnownFileType = file.storyboard; name = Base; path = Base.lproj/Main.storyboard; sourceTree = "<group>"; };
		CC3DF15B28C0FD71005FEAB6 /* Base */ = {isa = PBXFileReference; lastKnownFileType = file.storyboard; name = Base; path = Base.lproj/LaunchScreen.storyboard; sourceTree = "<group>"; };
		CC3DF15D28C0FD71005FEAB6 /* Info.plist */ = {isa = PBXFileReference; lastKnownFileType = text.plist.xml; path = Info.plist; sourceTree = "<group>"; };
		CC3DF16528C103A4005FEAB6 /* burnley.mp3 */ = {isa = PBXFileReference; lastKnownFileType = audio.mp3; path = burnley.mp3; sourceTree = "<group>"; };
		CC3DF16628C103A4005FEAB6 /* newcastle.mp3 */ = {isa = PBXFileReference; lastKnownFileType = audio.mp3; path = newcastle.mp3; sourceTree = "<group>"; };
		CC3DF16728C103A4005FEAB6 /* sheffield.mp3 */ = {isa = PBXFileReference; lastKnownFileType = audio.mp3; path = sheffield.mp3; sourceTree = "<group>"; };
		CC3DF16828C103A4005FEAB6 /* west_brom.mp3 */ = {isa = PBXFileReference; lastKnownFileType = audio.mp3; path = west_brom.mp3; sourceTree = "<group>"; };
		CC3DF16928C103A4005FEAB6 /* wolves.mp3 */ = {isa = PBXFileReference; lastKnownFileType = audio.mp3; path = wolves.mp3; sourceTree = "<group>"; };
		CC3DF16A28C103A4005FEAB6 /* aston_villa.mp3 */ = {isa = PBXFileReference; lastKnownFileType = audio.mp3; path = aston_villa.mp3; sourceTree = "<group>"; };
		CC3DF16B28C103A4005FEAB6 /* liverpool.mp3 */ = {isa = PBXFileReference; lastKnownFileType = audio.mp3; path = liverpool.mp3; sourceTree = "<group>"; };
		CC3DF16C28C103A4005FEAB6 /* fulham.mp3 */ = {isa = PBXFileReference; lastKnownFileType = audio.mp3; path = fulham.mp3; sourceTree = "<group>"; };
		CC3DF16D28C103A4005FEAB6 /* southampton.mp3 */ = {isa = PBXFileReference; lastKnownFileType = audio.mp3; path = southampton.mp3; sourceTree = "<group>"; };
		CC3DF16E28C103A4005FEAB6 /* chelsea.mp3 */ = {isa = PBXFileReference; lastKnownFileType = audio.mp3; path = chelsea.mp3; sourceTree = "<group>"; };
		CC3DF16F28C103A4005FEAB6 /* leeds.mp3 */ = {isa = PBXFileReference; lastKnownFileType = audio.mp3; path = leeds.mp3; sourceTree = "<group>"; };
		CC3DF17028C103A4005FEAB6 /* palace.mp3 */ = {isa = PBXFileReference; lastKnownFileType = audio.mp3; path = palace.mp3; sourceTree = "<group>"; };
		CC3DF17128C103A4005FEAB6 /* tottenham.mp3 */ = {isa = PBXFileReference; lastKnownFileType = audio.mp3; path = tottenham.mp3; sourceTree = "<group>"; };
		CC3DF17228C103A4005FEAB6 /* brighton.mp3 */ = {isa = PBXFileReference; lastKnownFileType = audio.mp3; path = brighton.mp3; sourceTree = "<group>"; };
		CC3DF17328C103A4005FEAB6 /* leicester.mp3 */ = {isa = PBXFileReference; lastKnownFileType = audio.mp3; path = leicester.mp3; sourceTree = "<group>"; };
		CC3DF17428C103A4005FEAB6 /* manchester_city.mp3 */ = {isa = PBXFileReference; lastKnownFileType = audio.mp3; path = manchester_city.mp3; sourceTree = "<group>"; };
		CC3DF17528C103A4005FEAB6 /* manchester_united.mp3 */ = {isa = PBXFileReference; lastKnownFileType = audio.mp3; path = manchester_united.mp3; sourceTree = "<group>"; };
		CC3DF17628C103A4005FEAB6 /* arsenal.mp3 */ = {isa = PBXFileReference; lastKnownFileType = audio.mp3; path = arsenal.mp3; sourceTree = "<group>"; };
		CC3DF17728C103A4005FEAB6 /* everton.mp3 */ = {isa = PBXFileReference; lastKnownFileType = audio.mp3; path = everton.mp3; sourceTree = "<group>"; };
		CC3DF17828C103A4005FEAB6 /* Teams.swift */ = {isa = PBXFileReference; fileEncoding = 4; lastKnownFileType = sourcecode.swift; path = Teams.swift; sourceTree = "<group>"; };
		CC3DF18D28C10435005FEAB6 /* Assets.xcassets */ = {isa = PBXFileReference; lastKnownFileType = folder.assetcatalog; path = Assets.xcassets; sourceTree = "<group>"; };
		CC3DF19028C1069A005FEAB6 /* ChantsViewController.swift */ = {isa = PBXFileReference; lastKnownFileType = sourcecode.swift; path = ChantsViewController.swift; sourceTree = "<group>"; };
		CC3DF19328C1111E005FEAB6 /* Team.swift */ = {isa = PBXFileReference; lastKnownFileType = sourcecode.swift; path = Team.swift; sourceTree = "<group>"; };
		CC3DF19528C111D2005FEAB6 /* Manager.swift */ = {isa = PBXFileReference; lastKnownFileType = sourcecode.swift; path = Manager.swift; sourceTree = "<group>"; };
		CC3DF19828C113A3005FEAB6 /* TeamsViewModel.swift */ = {isa = PBXFileReference; lastKnownFileType = sourcecode.swift; path = TeamsViewModel.swift; sourceTree = "<group>"; };
/* End PBXFileReference section */

/* Begin PBXFrameworksBuildPhase section */
		CC3DF14928C0FD6C005FEAB6 /* Frameworks */ = {
			isa = PBXFrameworksBuildPhase;
			buildActionMask = 2147483647;
			files = (
			);
			runOnlyForDeploymentPostprocessing = 0;
		};
/* End PBXFrameworksBuildPhase section */

/* Begin PBXGroup section */
		CC3DF14328C0FD6C005FEAB6 = {
			isa = PBXGroup;
			children = (
				CC3DF14E28C0FD6C005FEAB6 /* SoccerShout-outs */,
				CC3DF14D28C0FD6C005FEAB6 /* Products */,
			);
			sourceTree = "<group>";
		};
		CC3DF14D28C0FD6C005FEAB6 /* Products */ = {
			isa = PBXGroup;
			children = (
				CC3DF14C28C0FD6C005FEAB6 /* SoccerShout-outs.app */,
			);
			name = Products;
			sourceTree = "<group>";
		};
		CC3DF14E28C0FD6C005FEAB6 /* SoccerShout-outs */ = {
			isa = PBXGroup;
			children = (
				CC3DF19728C11374005FEAB6 /* ViewModel */,
				CC3DF19228C11111005FEAB6 /* Models */,
				CC3DF18F28C10672005FEAB6 /* ViewControllers */,
				CC3DF16328C103A4005FEAB6 /* Resources */,
				CC3DF14F28C0FD6C005FEAB6 /* AppDelegate.swift */,
				CC3DF15128C0FD6C005FEAB6 /* SceneDelegate.swift */,
				CC3DF15528C0FD6C005FEAB6 /* Main.storyboard */,
				CC3DF18D28C10435005FEAB6 /* Assets.xcassets */,
				CC3DF15A28C0FD71005FEAB6 /* LaunchScreen.storyboard */,
				CC3DF15D28C0FD71005FEAB6 /* Info.plist */,
			);
			path = "SoccerShout-outs";
			sourceTree = "<group>";
		};
		CC3DF16328C103A4005FEAB6 /* Resources */ = {
			isa = PBXGroup;
			children = (
				CC3DF16428C103A4005FEAB6 /* Chants */,
				CC3DF17828C103A4005FEAB6 /* Teams.swift */,
			);
			path = Resources;
			sourceTree = "<group>";
		};
		CC3DF16428C103A4005FEAB6 /* Chants */ = {
			isa = PBXGroup;
			children = (
				CC3DF16528C103A4005FEAB6 /* burnley.mp3 */,
				CC3DF16628C103A4005FEAB6 /* newcastle.mp3 */,
				CC3DF16728C103A4005FEAB6 /* sheffield.mp3 */,
				CC3DF16828C103A4005FEAB6 /* west_brom.mp3 */,
				CC3DF16928C103A4005FEAB6 /* wolves.mp3 */,
				CC3DF16A28C103A4005FEAB6 /* aston_villa.mp3 */,
				CC3DF16B28C103A4005FEAB6 /* liverpool.mp3 */,
				CC3DF16C28C103A4005FEAB6 /* fulham.mp3 */,
				CC3DF16D28C103A4005FEAB6 /* southampton.mp3 */,
				CC3DF16E28C103A4005FEAB6 /* chelsea.mp3 */,
				CC3DF16F28C103A4005FEAB6 /* leeds.mp3 */,
				CC3DF17028C103A4005FEAB6 /* palace.mp3 */,
				CC3DF17128C103A4005FEAB6 /* tottenham.mp3 */,
				CC3DF17228C103A4005FEAB6 /* brighton.mp3 */,
				CC3DF17328C103A4005FEAB6 /* leicester.mp3 */,
				CC3DF17428C103A4005FEAB6 /* manchester_city.mp3 */,
				CC3DF17528C103A4005FEAB6 /* manchester_united.mp3 */,
				CC3DF17628C103A4005FEAB6 /* arsenal.mp3 */,
				CC3DF17728C103A4005FEAB6 /* everton.mp3 */,
			);
			path = Chants;
			sourceTree = "<group>";
		};
		CC3DF18F28C10672005FEAB6 /* ViewControllers */ = {
			isa = PBXGroup;
			children = (
				CC3DF19028C1069A005FEAB6 /* ChantsViewController.swift */,
			);
			path = ViewControllers;
			sourceTree = "<group>";
		};
		CC3DF19228C11111005FEAB6 /* Models */ = {
			isa = PBXGroup;
			children = (
				CC3DF19328C1111E005FEAB6 /* Team.swift */,
				CC3DF19528C111D2005FEAB6 /* Manager.swift */,
			);
			path = Models;
			sourceTree = "<group>";
		};
		CC3DF19728C11374005FEAB6 /* ViewModel */ = {
			isa = PBXGroup;
			children = (
				CC3DF19828C113A3005FEAB6 /* TeamsViewModel.swift */,
			);
			path = ViewModel;
			sourceTree = "<group>";
		};
/* End PBXGroup section */

/* Begin PBXNativeTarget section */
		CC3DF14B28C0FD6C005FEAB6 /* SoccerShout-outs */ = {
			isa = PBXNativeTarget;
			buildConfigurationList = CC3DF16028C0FD71005FEAB6 /* Build configuration list for PBXNativeTarget "SoccerShout-outs" */;
			buildPhases = (
				CC3DF14828C0FD6C005FEAB6 /* Sources */,
				CC3DF14928C0FD6C005FEAB6 /* Frameworks */,
				CC3DF14A28C0FD6C005FEAB6 /* Resources */,
			);
			buildRules = (
			);
			dependencies = (
			);
			name = "SoccerShout-outs";
			productName = "SoccerShout-outs";
			productReference = CC3DF14C28C0FD6C005FEAB6 /* SoccerShout-outs.app */;
			productType = "com.apple.product-type.application";
		};
/* End PBXNativeTarget section */

/* Begin PBXProject section */
		CC3DF14428C0FD6C005FEAB6 /* Project object */ = {
			isa = PBXProject;
			attributes = {
				BuildIndependentTargetsInParallel = 1;
				LastSwiftUpdateCheck = 1340;
				LastUpgradeCheck = 1340;
				TargetAttributes = {
					CC3DF14B28C0FD6C005FEAB6 = {
						CreatedOnToolsVersion = 13.4.1;
					};
				};
			};
			buildConfigurationList = CC3DF14728C0FD6C005FEAB6 /* Build configuration list for PBXProject "SoccerShout-outs" */;
			compatibilityVersion = "Xcode 13.0";
			developmentRegion = en;
			hasScannedForEncodings = 0;
			knownRegions = (
				en,
				Base,
			);
			mainGroup = CC3DF14328C0FD6C005FEAB6;
			productRefGroup = CC3DF14D28C0FD6C005FEAB6 /* Products */;
			projectDirPath = "";
			projectRoot = "";
			targets = (
				CC3DF14B28C0FD6C005FEAB6 /* SoccerShout-outs */,
			);
		};
/* End PBXProject section */

/* Begin PBXResourcesBuildPhase section */
		CC3DF14A28C0FD6C005FEAB6 /* Resources */ = {
			isa = PBXResourcesBuildPhase;
			buildActionMask = 2147483647;
			files = (
				CC3DF18428C103A4005FEAB6 /* palace.mp3 in Resources */,
				CC3DF18028C103A4005FEAB6 /* fulham.mp3 in Resources */,
				CC3DF18E28C10435005FEAB6 /* Assets.xcassets in Resources */,
				CC3DF18228C103A4005FEAB6 /* chelsea.mp3 in Resources */,
				CC3DF17D28C103A4005FEAB6 /* wolves.mp3 in Resources */,
				CC3DF18B28C103A4005FEAB6 /* everton.mp3 in Resources */,
				CC3DF15C28C0FD71005FEAB6 /* LaunchScreen.storyboard in Resources */,
				CC3DF18128C103A4005FEAB6 /* southampton.mp3 in Resources */,
				CC3DF17E28C103A4005FEAB6 /* aston_villa.mp3 in Resources */,
				CC3DF18728C103A4005FEAB6 /* leicester.mp3 in Resources */,
				CC3DF17A28C103A4005FEAB6 /* newcastle.mp3 in Resources */,
				CC3DF18928C103A4005FEAB6 /* manchester_united.mp3 in Resources */,
				CC3DF17C28C103A4005FEAB6 /* west_brom.mp3 in Resources */,
				CC3DF17B28C103A4005FEAB6 /* sheffield.mp3 in Resources */,
				CC3DF17928C103A4005FEAB6 /* burnley.mp3 in Resources */,
				CC3DF15728C0FD6C005FEAB6 /* Main.storyboard in Resources */,
				CC3DF18328C103A4005FEAB6 /* leeds.mp3 in Resources */,
				CC3DF17F28C103A4005FEAB6 /* liverpool.mp3 in Resources */,
				CC3DF18528C103A4005FEAB6 /* tottenham.mp3 in Resources */,
				CC3DF18628C103A4005FEAB6 /* brighton.mp3 in Resources */,
				CC3DF18A28C103A4005FEAB6 /* arsenal.mp3 in Resources */,
				CC3DF18828C103A4005FEAB6 /* manchester_city.mp3 in Resources */,
			);
			runOnlyForDeploymentPostprocessing = 0;
		};
/* End PBXResourcesBuildPhase section */

/* Begin PBXSourcesBuildPhase section */
		CC3DF14828C0FD6C005FEAB6 /* Sources */ = {
			isa = PBXSourcesBuildPhase;
			buildActionMask = 2147483647;
			files = (
				CC3DF19128C1069A005FEAB6 /* ChantsViewController.swift in Sources */,
				CC3DF19928C113A3005FEAB6 /* TeamsViewModel.swift in Sources */,
				CC3DF19628C111D2005FEAB6 /* Manager.swift in Sources */,
				CC3DF18C28C103A4005FEAB6 /* Teams.swift in Sources */,
				CC3DF15028C0FD6C005FEAB6 /* AppDelegate.swift in Sources */,
				CC3DF19428C1111E005FEAB6 /* Team.swift in Sources */,
				CC3DF15228C0FD6C005FEAB6 /* SceneDelegate.swift in Sources */,
			);
			runOnlyForDeploymentPostprocessing = 0;
		};
/* End PBXSourcesBuildPhase section */

/* Begin PBXVariantGroup section */
		CC3DF15528C0FD6C005FEAB6 /* Main.storyboard */ = {
			isa = PBXVariantGroup;
			children = (
				CC3DF15628C0FD6C005FEAB6 /* Base */,
			);
			name = Main.storyboard;
			sourceTree = "<group>";
		};
		CC3DF15A28C0FD71005FEAB6 /* LaunchScreen.storyboard */ = {
			isa = PBXVariantGroup;
			children = (
				CC3DF15B28C0FD71005FEAB6 /* Base */,
			);
			name = LaunchScreen.storyboard;
			sourceTree = "<group>";
		};
/* End PBXVariantGroup section */

/* Begin XCBuildConfiguration section */
		CC3DF15E28C0FD71005FEAB6 /* Debug */ = {
			isa = XCBuildConfiguration;
			buildSettings = {
				ALWAYS_SEARCH_USER_PATHS = NO;
				CLANG_ANALYZER_NONNULL = YES;
				CLANG_ANALYZER_NUMBER_OBJECT_CONVERSION = YES_AGGRESSIVE;
				CLANG_CXX_LANGUAGE_STANDARD = "gnu++17";
				CLANG_ENABLE_MODULES = YES;
				CLANG_ENABLE_OBJC_ARC = YES;
				CLANG_ENABLE_OBJC_WEAK = YES;
				CLANG_WARN_BLOCK_CAPTURE_AUTORELEASING = YES;
				CLANG_WARN_BOOL_CONVERSION = YES;
				CLANG_WARN_COMMA = YES;
				CLANG_WARN_CONSTANT_CONVERSION = YES;
				CLANG_WARN_DEPRECATED_OBJC_IMPLEMENTATIONS = YES;
				CLANG_WARN_DIRECT_OBJC_ISA_USAGE = YES_ERROR;
				CLANG_WARN_DOCUMENTATION_COMMENTS = YES;
				CLANG_WARN_EMPTY_BODY = YES;
				CLANG_WARN_ENUM_CONVERSION = YES;
				CLANG_WARN_INFINITE_RECURSION = YES;
				CLANG_WARN_INT_CONVERSION = YES;
				CLANG_WARN_NON_LITERAL_NULL_CONVERSION = YES;
				CLANG_WARN_OBJC_IMPLICIT_RETAIN_SELF = YES;
				CLANG_WARN_OBJC_LITERAL_CONVERSION = YES;
				CLANG_WARN_OBJC_ROOT_CLASS = YES_ERROR;
				CLANG_WARN_QUOTED_INCLUDE_IN_FRAMEWORK_HEADER = YES;
				CLANG_WARN_RANGE_LOOP_ANALYSIS = YES;
				CLANG_WARN_STRICT_PROTOTYPES = YES;
				CLANG_WARN_SUSPICIOUS_MOVE = YES;
				CLANG_WARN_UNGUARDED_AVAILABILITY = YES_AGGRESSIVE;
				CLANG_WARN_UNREACHABLE_CODE = YES;
				CLANG_WARN__DUPLICATE_METHOD_MATCH = YES;
				COPY_PHASE_STRIP = NO;
				DEBUG_INFORMATION_FORMAT = dwarf;
				ENABLE_STRICT_OBJC_MSGSEND = YES;
				ENABLE_TESTABILITY = YES;
				GCC_C_LANGUAGE_STANDARD = gnu11;
				GCC_DYNAMIC_NO_PIC = NO;
				GCC_NO_COMMON_BLOCKS = YES;
				GCC_OPTIMIZATION_LEVEL = 0;
				GCC_PREPROCESSOR_DEFINITIONS = (
					"DEBUG=1",
					"$(inherited)",
				);
				GCC_WARN_64_TO_32_BIT_CONVERSION = YES;
				GCC_WARN_ABOUT_RETURN_TYPE = YES_ERROR;
				GCC_WARN_UNDECLARED_SELECTOR = YES;
				GCC_WARN_UNINITIALIZED_AUTOS = YES_AGGRESSIVE;
				GCC_WARN_UNUSED_FUNCTION = YES;
				GCC_WARN_UNUSED_VARIABLE = YES;
				IPHONEOS_DEPLOYMENT_TARGET = 15.5;
				MTL_ENABLE_DEBUG_INFO = INCLUDE_SOURCE;
				MTL_FAST_MATH = YES;
				ONLY_ACTIVE_ARCH = YES;
				SDKROOT = iphoneos;
				SWIFT_ACTIVE_COMPILATION_CONDITIONS = DEBUG;
				SWIFT_OPTIMIZATION_LEVEL = "-Onone";
			};
			name = Debug;
		};
		CC3DF15F28C0FD71005FEAB6 /* Release */ = {
			isa = XCBuildConfiguration;
			buildSettings = {
				ALWAYS_SEARCH_USER_PATHS = NO;
				CLANG_ANALYZER_NONNULL = YES;
				CLANG_ANALYZER_NUMBER_OBJECT_CONVERSION = YES_AGGRESSIVE;
				CLANG_CXX_LANGUAGE_STANDARD = "gnu++17";
				CLANG_ENABLE_MODULES = YES;
				CLANG_ENABLE_OBJC_ARC = YES;
				CLANG_ENABLE_OBJC_WEAK = YES;
				CLANG_WARN_BLOCK_CAPTURE_AUTORELEASING = YES;
				CLANG_WARN_BOOL_CONVERSION = YES;
				CLANG_WARN_COMMA = YES;
				CLANG_WARN_CONSTANT_CONVERSION = YES;
				CLANG_WARN_DEPRECATED_OBJC_IMPLEMENTATIONS = YES;
				CLANG_WARN_DIRECT_OBJC_ISA_USAGE = YES_ERROR;
				CLANG_WARN_DOCUMENTATION_COMMENTS = YES;
				CLANG_WARN_EMPTY_BODY = YES;
				CLANG_WARN_ENUM_CONVERSION = YES;
				CLANG_WARN_INFINITE_RECURSION = YES;
				CLANG_WARN_INT_CONVERSION = YES;
				CLANG_WARN_NON_LITERAL_NULL_CONVERSION = YES;
				CLANG_WARN_OBJC_IMPLICIT_RETAIN_SELF = YES;
				CLANG_WARN_OBJC_LITERAL_CONVERSION = YES;
				CLANG_WARN_OBJC_ROOT_CLASS = YES_ERROR;
				CLANG_WARN_QUOTED_INCLUDE_IN_FRAMEWORK_HEADER = YES;
				CLANG_WARN_RANGE_LOOP_ANALYSIS = YES;
				CLANG_WARN_STRICT_PROTOTYPES = YES;
				CLANG_WARN_SUSPICIOUS_MOVE = YES;
				CLANG_WARN_UNGUARDED_AVAILABILITY = YES_AGGRESSIVE;
				CLANG_WARN_UNREACHABLE_CODE = YES;
				CLANG_WARN__DUPLICATE_METHOD_MATCH = YES;
				COPY_PHASE_STRIP = NO;
				DEBUG_INFORMATION_FORMAT = "dwarf-with-dsym";
				ENABLE_NS_ASSERTIONS = NO;
				ENABLE_STRICT_OBJC_MSGSEND = YES;
				GCC_C_LANGUAGE_STANDARD = gnu11;
				GCC_NO_COMMON_BLOCKS = YES;
				GCC_WARN_64_TO_32_BIT_CONVERSION = YES;
				GCC_WARN_ABOUT_RETURN_TYPE = YES_ERROR;
				GCC_WARN_UNDECLARED_SELECTOR = YES;
				GCC_WARN_UNINITIALIZED_AUTOS = YES_AGGRESSIVE;
				GCC_WARN_UNUSED_FUNCTION = YES;
				GCC_WARN_UNUSED_VARIABLE = YES;
				IPHONEOS_DEPLOYMENT_TARGET = 15.5;
				MTL_ENABLE_DEBUG_INFO = NO;
				MTL_FAST_MATH = YES;
				SDKROOT = iphoneos;
				SWIFT_COMPILATION_MODE = wholemodule;
				SWIFT_OPTIMIZATION_LEVEL = "-O";
				VALIDATE_PRODUCT = YES;
			};
			name = Release;
		};
		CC3DF16128C0FD71005FEAB6 /* Debug */ = {
			isa = XCBuildConfiguration;
			buildSettings = {
				ASSETCATALOG_COMPILER_APPICON_NAME = AppIcon;
				ASSETCATALOG_COMPILER_GLOBAL_ACCENT_COLOR_NAME = AccentColor;
				CODE_SIGN_STYLE = Automatic;
				CURRENT_PROJECT_VERSION = 1;
				DEVELOPMENT_TEAM = 6QGWXNWMFJ;
				GENERATE_INFOPLIST_FILE = YES;
				INFOPLIST_FILE = "SoccerShout-outs/Info.plist";
				INFOPLIST_KEY_UIApplicationSupportsIndirectInputEvents = YES;
				INFOPLIST_KEY_UILaunchStoryboardName = LaunchScreen;
				INFOPLIST_KEY_UISupportedInterfaceOrientations = UIInterfaceOrientationPortrait;
				INFOPLIST_KEY_UISupportedInterfaceOrientations_iPad = "UIInterfaceOrientationPortrait UIInterfaceOrientationPortraitUpsideDown UIInterfaceOrientationLandscapeLeft UIInterfaceOrientationLandscapeRight";
				INFOPLIST_KEY_UISupportedInterfaceOrientations_iPhone = "UIInterfaceOrientationPortrait UIInterfaceOrientationLandscapeLeft UIInterfaceOrientationLandscapeRight";
				LD_RUNPATH_SEARCH_PATHS = (
					"$(inherited)",
					"@executable_path/Frameworks",
				);
				MARKETING_VERSION = 1.0;
				PRODUCT_BUNDLE_IDENTIFIER = "ru.alexGaida.SoccerShout-outs";
				PRODUCT_NAME = "$(TARGET_NAME)";
				SWIFT_EMIT_LOC_STRINGS = YES;
				SWIFT_VERSION = 5.0;
				TARGETED_DEVICE_FAMILY = 1;
			};
			name = Debug;
		};
		CC3DF16228C0FD71005FEAB6 /* Release */ = {
			isa = XCBuildConfiguration;
			buildSettings = {
				ASSETCATALOG_COMPILER_APPICON_NAME = AppIcon;
				ASSETCATALOG_COMPILER_GLOBAL_ACCENT_COLOR_NAME = AccentColor;
				CODE_SIGN_STYLE = Automatic;
				CURRENT_PROJECT_VERSION = 1;
				DEVELOPMENT_TEAM = 6QGWXNWMFJ;
				GENERATE_INFOPLIST_FILE = YES;
				INFOPLIST_FILE = "SoccerShout-outs/Info.plist";
				INFOPLIST_KEY_UIApplicationSupportsIndirectInputEvents = YES;
				INFOPLIST_KEY_UILaunchStoryboardName = LaunchScreen;
				INFOPLIST_KEY_UISupportedInterfaceOrientations = UIInterfaceOrientationPortrait;
				INFOPLIST_KEY_UISupportedInterfaceOrientations_iPad = "UIInterfaceOrientationPortrait UIInterfaceOrientationPortraitUpsideDown UIInterfaceOrientationLandscapeLeft UIInterfaceOrientationLandscapeRight";
				INFOPLIST_KEY_UISupportedInterfaceOrientations_iPhone = "UIInterfaceOrientationPortrait UIInterfaceOrientationLandscapeLeft UIInterfaceOrientationLandscapeRight";
				LD_RUNPATH_SEARCH_PATHS = (
					"$(inherited)",
					"@executable_path/Frameworks",
				);
				MARKETING_VERSION = 1.0;
				PRODUCT_BUNDLE_IDENTIFIER = "ru.alexGaida.SoccerShout-outs";
				PRODUCT_NAME = "$(TARGET_NAME)";
				SWIFT_EMIT_LOC_STRINGS = YES;
				SWIFT_VERSION = 5.0;
				TARGETED_DEVICE_FAMILY = 1;
			};
			name = Release;
		};
/* End XCBuildConfiguration section */

/* Begin XCConfigurationList section */
		CC3DF14728C0FD6C005FEAB6 /* Build configuration list for PBXProject "SoccerShout-outs" */ = {
			isa = XCConfigurationList;
			buildConfigurations = (
				CC3DF15E28C0FD71005FEAB6 /* Debug */,
				CC3DF15F28C0FD71005FEAB6 /* Release */,
			);
			defaultConfigurationIsVisible = 0;
			defaultConfigurationName = Release;
		};
		CC3DF16028C0FD71005FEAB6 /* Build configuration list for PBXNativeTarget "SoccerShout-outs" */ = {
			isa = XCConfigurationList;
			buildConfigurations = (
				CC3DF16128C0FD71005FEAB6 /* Debug */,
				CC3DF16228C0FD71005FEAB6 /* Release */,
			);
			defaultConfigurationIsVisible = 0;
			defaultConfigurationName = Release;
		};
/* End XCConfigurationList section */
	};
	rootObject = CC3DF14428C0FD6C005FEAB6 /* Project object */;
}
